{
  "version": 4,
  "terraform_version": "1.3.4",
  "serial": 32,
  "lineage": "d346a575-9e3b-4bf3-84b4-f20fd8651a16",
  "outputs": {},
  "resources": [
    {
      "mode": "data",
      "type": "tfe_organization",
      "name": "org",
      "provider": "provider[\"registry.terraform.io/hashicorp/tfe\"]",
      "instances": [
        {
          "schema_version": 0,
          "attributes": {
            "assessments_enforced": false,
            "collaborator_auth_policy": "password",
            "cost_estimation_enabled": true,
            "email": "andre.kurnia@packet-systems.com",
            "external_id": "org-MMaJmgyq6csUJFmY",
            "id": "org-MMaJmgyq6csUJFmY",
            "name": "packet-systems-indonesia",
            "owners_team_saml_role_id": "",
            "send_passing_statuses_for_untriggered_speculative_plans": false,
            "two_factor_conformant": false
          },
          "sensitive_attributes": []
        }
      ]
    },
    {
      "mode": "managed",
      "type": "tfe_oauth_client",
      "name": "github",
      "provider": "provider[\"registry.terraform.io/hashicorp/tfe\"]",
      "instances": [
        {
          "schema_version": 0,
          "attributes": {
            "api_url": "https://api.github.com",
            "http_url": "https://github.com",
            "id": "oc-BU7G7vvPM32ssy6C",
            "key": null,
            "name": "HashiCat Workshop",
            "oauth_token": "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",
            "oauth_token_id": "ot-gyvXen8heVJZn6rv",
            "organization": "packet-systems-indonesia",
            "private_key": null,
            "rsa_public_key": null,
            "secret": null,
            "service_provider": "github"
          },
          "sensitive_attributes": [],
          "private": "bnVsbA==",
          "dependencies": [
            "data.tfe_organization.org"
          ]
        }
      ]
    },
    {
      "mode": "managed",
      "type": "tfe_organization_membership",
      "name": "all_users",
      "provider": "provider[\"registry.terraform.io/hashicorp/tfe\"]",
      "instances": [
        {
          "index_key": "workshops+aisha@hashicorp.com",
          "schema_version": 0,
          "attributes": {
            "email": "workshops+aisha@hashicorp.com",
            "id": "ou-2NwYq7zQSGMqFDfd",
            "organization": "packet-systems-indonesia",
            "user_id": "user-FwNvdi7NXJSDueTs",
            "username": "demo-aisha"
          },
          "sensitive_attributes": [],
          "private": "bnVsbA==",
          "dependencies": [
            "data.tfe_organization.org"
          ]
        },
        {
          "index_key": "workshops+hiro@hashicorp.com",
          "schema_version": 0,
          "attributes": {
            "email": "workshops+hiro@hashicorp.com",
            "id": "ou-iUrek4BWfDzeMevy",
            "organization": "packet-systems-indonesia",
            "user_id": "user-ZVGobkrpCBhDuxtL",
            "username": "demo-hiro"
          },
          "sensitive_attributes": [],
          "private": "bnVsbA==",
          "dependencies": [
            "data.tfe_organization.org"
          ]
        },
        {
          "index_key": "workshops+lars@hashicorp.com",
          "schema_version": 0,
          "attributes": {
            "email": "workshops+lars@hashicorp.com",
            "id": "ou-hbBxSxEkfro94iW7",
            "organization": "packet-systems-indonesia",
            "user_id": "user-5pTuhaPQCJqU4JyG",
            "username": "demo-lars"
          },
          "sensitive_attributes": [],
          "private": "bnVsbA==",
          "dependencies": [
            "data.tfe_organization.org"
          ]
        }
      ]
    },
    {
      "mode": "managed",
      "type": "tfe_policy_set",
      "name": "test",
      "provider": "provider[\"registry.terraform.io/hashicorp/tfe\"]",
      "instances": [
        {
          "schema_version": 0,
          "attributes": {
            "description": "Policies for HashiCat Social",
            "global": false,
            "id": "polset-LR3KxPpeXvJgd5sC",
            "name": "Hashicat-Social",
            "organization": "packet-systems-indonesia",
            "policies_path": "/policies",
            "policy_ids": [],
            "slug": null,
            "vcs_repo": [
              {
                "branch": "main",
                "identifier": "Packet-Systems-Indonesia/hashicat-app",
                "ingress_submodules": false,
                "oauth_token_id": "ot-gyvXen8heVJZn6rv"
              }
            ],
            "workspace_ids": [
              "ws-bKqTD13vvafBJBNd"
            ]
          },
          "sensitive_attributes": [],
          "private": "bnVsbA==",
          "dependencies": [
            "data.tfe_organization.org",
            "tfe_oauth_client.github",
            "tfe_workspace.hashicat"
          ]
        }
      ]
    },
    {
      "mode": "managed",
      "type": "tfe_team",
      "name": "admins",
      "provider": "provider[\"registry.terraform.io/hashicorp/tfe\"]",
      "instances": [
        {
          "schema_version": 0,
          "attributes": {
            "id": "team-Xppm7RXhbkjVcotj",
            "name": "admins",
            "organization": "packet-systems-indonesia",
            "organization_access": [
              {
                "manage_modules": true,
                "manage_policies": true,
                "manage_policy_overrides": true,
                "manage_providers": true,
                "manage_run_tasks": true,
                "manage_vcs_settings": true,
                "manage_workspaces": true
              }
            ],
            "sso_team_id": "",
            "visibility": "secret"
          },
          "sensitive_attributes": [],
          "private": "bnVsbA==",
          "dependencies": [
            "data.tfe_organization.org"
          ]
        }
      ]
    },
    {
      "mode": "managed",
      "type": "tfe_team",
      "name": "developers",
      "provider": "provider[\"registry.terraform.io/hashicorp/tfe\"]",
      "instances": [
        {
          "schema_version": 0,
          "attributes": {
            "id": "team-P6DJe38LdAyMK2op",
            "name": "developers",
            "organization": "packet-systems-indonesia",
            "organization_access": [
              {
                "manage_modules": false,
                "manage_policies": false,
                "manage_policy_overrides": false,
                "manage_providers": false,
                "manage_run_tasks": false,
                "manage_vcs_settings": false,
                "manage_workspaces": false
              }
            ],
            "sso_team_id": "",
            "visibility": "secret"
          },
          "sensitive_attributes": [],
          "private": "bnVsbA==",
          "dependencies": [
            "data.tfe_organization.org"
          ]
        }
      ]
    },
    {
      "mode": "managed",
      "type": "tfe_team",
      "name": "managers",
      "provider": "provider[\"registry.terraform.io/hashicorp/tfe\"]",
      "instances": [
        {
          "schema_version": 0,
          "attributes": {
            "id": "team-wyqZouDh5PVFHuux",
            "name": "managers",
            "organization": "packet-systems-indonesia",
            "organization_access": [
              {
                "manage_modules": false,
                "manage_policies": false,
                "manage_policy_overrides": false,
                "manage_providers": false,
                "manage_run_tasks": false,
                "manage_vcs_settings": false,
                "manage_workspaces": false
              }
            ],
            "sso_team_id": "",
            "visibility": "secret"
          },
          "sensitive_attributes": [],
          "private": "bnVsbA==",
          "dependencies": [
            "data.tfe_organization.org"
          ]
        }
      ]
    },
    {
      "mode": "managed",
      "type": "tfe_team_access",
      "name": "admins",
      "provider": "provider[\"registry.terraform.io/hashicorp/tfe\"]",
      "instances": [
        {
          "schema_version": 1,
          "attributes": {
            "access": "admin",
            "id": "tws-zaVwxuVrnmBAgwz8",
            "permissions": [
              {
                "run_tasks": true,
                "runs": "apply",
                "sentinel_mocks": "read",
                "state_versions": "write",
                "variables": "write",
                "workspace_locking": true
              }
            ],
            "team_id": "team-Xppm7RXhbkjVcotj",
            "workspace_id": "ws-bKqTD13vvafBJBNd"
          },
          "sensitive_attributes": [],
          "private": "eyJzY2hlbWFfdmVyc2lvbiI6IjEifQ==",
          "dependencies": [
            "data.tfe_organization.org",
            "tfe_team.admins",
            "tfe_workspace.hashicat"
          ]
        }
      ]
    },
    {
      "mode": "managed",
      "type": "tfe_team_access",
      "name": "developers",
      "provider": "provider[\"registry.terraform.io/hashicorp/tfe\"]",
      "instances": [
        {
          "schema_version": 1,
          "attributes": {
            "access": "write",
            "id": "tws-htzkxhwzUj2GYEJH",
            "permissions": [
              {
                "run_tasks": false,
                "runs": "apply",
                "sentinel_mocks": "read",
                "state_versions": "write",
                "variables": "write",
                "workspace_locking": true
              }
            ],
            "team_id": "team-P6DJe38LdAyMK2op",
            "workspace_id": "ws-bKqTD13vvafBJBNd"
          },
          "sensitive_attributes": [],
          "private": "eyJzY2hlbWFfdmVyc2lvbiI6IjEifQ==",
          "dependencies": [
            "data.tfe_organization.org",
            "tfe_team.developers",
            "tfe_workspace.hashicat"
          ]
        }
      ]
    },
    {
      "mode": "managed",
      "type": "tfe_team_access",
      "name": "managers",
      "provider": "provider[\"registry.terraform.io/hashicorp/tfe\"]",
      "instances": [
        {
          "schema_version": 1,
          "attributes": {
            "access": "read",
            "id": "tws-EFuTJDQhQ18ZTsTd",
            "permissions": [
              {
                "run_tasks": false,
                "runs": "read",
                "sentinel_mocks": "none",
                "state_versions": "read",
                "variables": "read",
                "workspace_locking": false
              }
            ],
            "team_id": "team-wyqZouDh5PVFHuux",
            "workspace_id": "ws-bKqTD13vvafBJBNd"
          },
          "sensitive_attributes": [],
          "private": "eyJzY2hlbWFfdmVyc2lvbiI6IjEifQ==",
          "dependencies": [
            "data.tfe_organization.org",
            "tfe_team.managers",
            "tfe_workspace.hashicat"
          ]
        }
      ]
    },
    {
      "mode": "managed",
      "type": "tfe_variable",
      "name": "aws_access_key_id",
      "provider": "provider[\"registry.terraform.io/hashicorp/tfe\"]",
      "instances": [
        {
          "schema_version": 1,
          "attributes": {
            "category": "env",
            "description": "AWS access key",
            "hcl": false,
            "id": "var-1zUUsN1c75HPczSy",
            "key": "AWS_ACCESS_KEY_ID",
            "sensitive": true,
            "value": "AKIASJASKLI5CQ7BHJHY",
            "variable_set_id": "varset-oypbbNvQkuDFPXUQ",
            "workspace_id": null
          },
          "sensitive_attributes": [
            [
              {
                "type": "get_attr",
                "value": "value"
              }
            ]
          ],
          "private": "eyJzY2hlbWFfdmVyc2lvbiI6IjEifQ==",
          "dependencies": [
            "data.tfe_organization.org",
            "tfe_variable_set.hashicat"
          ]
        }
      ]
    },
    {
      "mode": "managed",
      "type": "tfe_variable",
      "name": "aws_secret_access_key",
      "provider": "provider[\"registry.terraform.io/hashicorp/tfe\"]",
      "instances": [
        {
          "schema_version": 1,
          "attributes": {
            "category": "env",
            "description": "AWS secret key",
            "hcl": false,
            "id": "var-y9W8jVW6DiNCudf6",
            "key": "AWS_SECRET_ACCESS_KEY",
            "sensitive": true,
            "value": "M5S4ivXtJQXK5e3TM4pEp2m4FgbP2XkSQGCSYQus",
            "variable_set_id": "varset-oypbbNvQkuDFPXUQ",
            "workspace_id": null
          },
          "sensitive_attributes": [
            [
              {
                "type": "get_attr",
                "value": "value"
              }
            ]
          ],
          "private": "eyJzY2hlbWFfdmVyc2lvbiI6IjEifQ==",
          "dependencies": [
            "data.tfe_organization.org",
            "tfe_variable_set.hashicat"
          ]
        }
      ]
    },
    {
      "mode": "managed",
      "type": "tfe_variable",
      "name": "prefix",
      "provider": "provider[\"registry.terraform.io/hashicorp/tfe\"]",
      "instances": [
        {
          "schema_version": 1,
          "attributes": {
            "category": "terraform",
            "description": "Hashicat deployment prefix",
            "hcl": false,
            "id": "var-N3sS2KGhEAm3pi2R",
            "key": "prefix",
            "sensitive": false,
            "value": "andrekurnia",
            "variable_set_id": null,
            "workspace_id": "ws-bKqTD13vvafBJBNd"
          },
          "sensitive_attributes": [],
          "private": "eyJzY2hlbWFfdmVyc2lvbiI6IjEifQ==",
          "dependencies": [
            "data.tfe_organization.org",
            "tfe_workspace.hashicat"
          ]
        }
      ]
    },
    {
      "mode": "managed",
      "type": "tfe_variable",
      "name": "region",
      "provider": "provider[\"registry.terraform.io/hashicorp/tfe\"]",
      "instances": [
        {
          "schema_version": 1,
          "attributes": {
            "category": "terraform",
            "description": "Cloud region",
            "hcl": false,
            "id": "var-PvXXf3EYxEwdqmaQ",
            "key": "region",
            "sensitive": false,
            "value": "ap-southeast-1",
            "variable_set_id": null,
            "workspace_id": "ws-bKqTD13vvafBJBNd"
          },
          "sensitive_attributes": [],
          "private": "eyJzY2hlbWFfdmVyc2lvbiI6IjEifQ==",
          "dependencies": [
            "data.tfe_organization.org",
            "tfe_workspace.hashicat"
          ]
        }
      ]
    },
    {
      "mode": "managed",
      "type": "tfe_variable_set",
      "name": "hashicat",
      "provider": "provider[\"registry.terraform.io/hashicorp/tfe\"]",
      "instances": [
        {
          "schema_version": 0,
          "attributes": {
            "description": "Dedicated Principal Account for Terraform Deployments",
            "global": false,
            "id": "varset-oypbbNvQkuDFPXUQ",
            "name": "Cloud Credentials",
            "organization": "packet-systems-indonesia",
            "workspace_ids": [
              "ws-bKqTD13vvafBJBNd"
            ]
          },
          "sensitive_attributes": [],
          "private": "bnVsbA==",
          "dependencies": [
            "data.tfe_organization.org"
          ]
        }
      ]
    },
    {
      "mode": "managed",
      "type": "tfe_workspace",
      "name": "hashicat",
      "provider": "provider[\"registry.terraform.io/hashicorp/tfe\"]",
      "instances": [
        {
          "schema_version": 1,
          "attributes": {
            "agent_pool_id": "",
            "allow_destroy_plan": true,
            "assessments_enabled": false,
            "auto_apply": true,
            "description": "",
            "execution_mode": "remote",
            "file_triggers_enabled": true,
            "global_remote_state": false,
            "id": "ws-bKqTD13vvafBJBNd",
            "name": "hashicat-aws",
            "operations": true,
            "organization": "packet-systems-indonesia",
            "queue_all_runs": true,
            "remote_state_consumer_ids": [],
            "speculative_enabled": true,
            "ssh_key_id": "",
            "structured_run_output_enabled": true,
            "tag_names": [
              "aws",
              "hashicat"
            ],
            "terraform_version": "1.5.7",
            "trigger_patterns": [],
            "trigger_prefixes": [],
            "vcs_repo": [],
            "working_directory": ""
          },
          "sensitive_attributes": [],
          "private": "eyJzY2hlbWFfdmVyc2lvbiI6IjEifQ==",
          "dependencies": [
            "data.tfe_organization.org"
          ]
        }
      ]
    },
    {
      "mode": "managed",
      "type": "tfe_workspace_variable_set",
      "name": "hashicat",
      "provider": "provider[\"registry.terraform.io/hashicorp/tfe\"]",
      "instances": [
        {
          "schema_version": 0,
          "attributes": {
            "id": "ws-bKqTD13vvafBJBNd_varset-oypbbNvQkuDFPXUQ",
            "variable_set_id": "varset-oypbbNvQkuDFPXUQ",
            "workspace_id": "ws-bKqTD13vvafBJBNd"
          },
          "sensitive_attributes": [],
          "private": "bnVsbA==",
          "dependencies": [
            "data.tfe_organization.org",
            "tfe_variable_set.hashicat",
            "tfe_workspace.hashicat"
          ]
        }
      ]
    }
  ],
  "check_results": null
}
