{
  "version": 4,
  "terraform_version": "1.3.4",
  "serial": 19,
  "lineage": "ee014de4-a8d5-15f1-a72d-e411ba3d0e90",
  "outputs": {
    "name": {
      "value": [
        {
          "id": "sadly-electric-skink",
          "keepers": null,
          "length": 3,
          "prefix": null,
          "separator": "-"
        },
        {
          "id": "implicitly-enabled-goblin",
          "keepers": null,
          "length": 3,
          "prefix": null,
          "separator": "-"
        },
        {
          "id": "extremely-adapted-bedbug",
          "keepers": null,
          "length": 3,
          "prefix": null,
          "separator": "-"
        }
      ],
      "type": [
        "tuple",
        [
          [
            "object",
            {
              "id": "string",
              "keepers": [
                "map",
                "string"
              ],
              "length": "number",
              "prefix": "string",
              "separator": "string"
            }
          ],
          [
            "object",
            {
              "id": "string",
              "keepers": [
                "map",
                "string"
              ],
              "length": "number",
              "prefix": "string",
              "separator": "string"
            }
          ],
          [
            "object",
            {
              "id": "string",
              "keepers": [
                "map",
                "string"
              ],
              "length": "number",
              "prefix": "string",
              "separator": "string"
            }
          ]
        ]
      ]
    },
    "uuid": {
      "value": [
        "cf6c87a0-9bf1-d2e1-2c82-bbb300efb90f",
        "14e4664c-882c-b53f-bebb-efbad07d8b82",
        "8733fa7c-da98-7f0d-ef9d-1e85651a264d"
      ],
      "type": [
        "tuple",
        [
          "string",
          "string",
          "string"
        ]
      ]
    },
    "vending_machine_projects": {
      "value": [
        {
          "Department": "CloudOps",
          "Deployment ID": "1695788322",
          "Description": "CloudOps Load Testing",
          "Environment": "QA",
          "Product Stack": "QA-2",
          "Purpose": "Load Testing"
        },
        {
          "Department": "CloudOps",
          "Deployment ID": "1695788365",
          "Description": "CloudOps Full Stack",
          "Environment": "QA",
          "Product Stack": "QA-3",
          "Purpose": "Full Stack"
        },
        {
          "Department": "Development",
          "Deployment ID": "1695788391",
          "Description": "Development Full Stack",
          "Environment": "DEV",
          "Product Stack": "DEV-3",
          "Purpose": "Full Stack"
        }
      ],
      "type": [
        "tuple",
        [
          [
            "object",
            {
              "Department": "string",
              "Deployment ID": "string",
              "Description": "string",
              "Environment": "string",
              "Product Stack": "string",
              "Purpose": "string"
            }
          ],
          [
            "object",
            {
              "Department": "string",
              "Deployment ID": "string",
              "Description": "string",
              "Environment": "string",
              "Product Stack": "string",
              "Purpose": "string"
            }
          ],
          [
            "object",
            {
              "Department": "string",
              "Deployment ID": "string",
              "Description": "string",
              "Environment": "string",
              "Product Stack": "string",
              "Purpose": "string"
            }
          ]
        ]
      ]
    },
    "vending_machine_workspaces": {
      "value": [
        {
          "agent_pool_id": "",
          "allow_destroy_plan": true,
          "assessments_enabled": false,
          "auto_apply": false,
          "description": "CloudOps Load Testing",
          "execution_mode": "remote",
          "file_triggers_enabled": true,
          "force_delete": false,
          "global_remote_state": false,
          "id": "ws-3wPf8V5ejcXUNnhE",
          "name": "sadly-electric-skink",
          "operations": true,
          "organization": "packet-systems-indonesia",
          "project_id": "prj-FNPSzSCeD3AebQxq",
          "queue_all_runs": true,
          "remote_state_consumer_ids": [],
          "speculative_enabled": true,
          "ssh_key_id": "",
          "structured_run_output_enabled": true,
          "tag_names": [
            "1695788322",
            "cloudops",
            "qa",
            "qa-2"
          ],
          "terraform_version": "1.5.7",
          "trigger_patterns": [],
          "trigger_prefixes": [],
          "vcs_repo": [],
          "working_directory": ""
        },
        {
          "agent_pool_id": "",
          "allow_destroy_plan": true,
          "assessments_enabled": false,
          "auto_apply": false,
          "description": "CloudOps Full Stack",
          "execution_mode": "remote",
          "file_triggers_enabled": true,
          "force_delete": false,
          "global_remote_state": false,
          "id": "ws-1oB2iDbX1n9421ha",
          "name": "implicitly-enabled-goblin",
          "operations": true,
          "organization": "packet-systems-indonesia",
          "project_id": "prj-FNPSzSCeD3AebQxq",
          "queue_all_runs": true,
          "remote_state_consumer_ids": [],
          "speculative_enabled": true,
          "ssh_key_id": "",
          "structured_run_output_enabled": true,
          "tag_names": [
            "1695788365"
          ],
          "terraform_version": "1.5.7",
          "trigger_patterns": [],
          "trigger_prefixes": [],
          "vcs_repo": [],
          "working_directory": ""
        },
        {
          "agent_pool_id": "",
          "allow_destroy_plan": true,
          "assessments_enabled": false,
          "auto_apply": false,
          "description": "Development Full Stack",
          "execution_mode": "remote",
          "file_triggers_enabled": true,
          "force_delete": false,
          "global_remote_state": false,
          "id": "ws-FTnKT9PVx4G6rw2Y",
          "name": "extremely-adapted-bedbug",
          "operations": true,
          "organization": "packet-systems-indonesia",
          "project_id": "prj-FNPSzSCeD3AebQxq",
          "queue_all_runs": true,
          "remote_state_consumer_ids": [],
          "speculative_enabled": true,
          "ssh_key_id": "",
          "structured_run_output_enabled": true,
          "tag_names": [
            "1695788391",
            "dev",
            "dev-3",
            "development"
          ],
          "terraform_version": "1.5.7",
          "trigger_patterns": [],
          "trigger_prefixes": [],
          "vcs_repo": [],
          "working_directory": ""
        }
      ],
      "type": [
        "tuple",
        [
          [
            "object",
            {
              "agent_pool_id": "string",
              "allow_destroy_plan": "bool",
              "assessments_enabled": "bool",
              "auto_apply": "bool",
              "description": "string",
              "execution_mode": "string",
              "file_triggers_enabled": "bool",
              "force_delete": "bool",
              "global_remote_state": "bool",
              "id": "string",
              "name": "string",
              "operations": "bool",
              "organization": "string",
              "project_id": "string",
              "queue_all_runs": "bool",
              "remote_state_consumer_ids": [
                "set",
                "string"
              ],
              "speculative_enabled": "bool",
              "ssh_key_id": "string",
              "structured_run_output_enabled": "bool",
              "tag_names": [
                "set",
                "string"
              ],
              "terraform_version": "string",
              "trigger_patterns": [
                "list",
                "string"
              ],
              "trigger_prefixes": [
                "list",
                "string"
              ],
              "vcs_repo": [
                "list",
                [
                  "object",
                  {
                    "branch": "string",
                    "identifier": "string",
                    "ingress_submodules": "bool",
                    "oauth_token_id": "string",
                    "tags_regex": "string"
                  }
                ]
              ],
              "working_directory": "string"
            }
          ],
          [
            "object",
            {
              "agent_pool_id": "string",
              "allow_destroy_plan": "bool",
              "assessments_enabled": "bool",
              "auto_apply": "bool",
              "description": "string",
              "execution_mode": "string",
              "file_triggers_enabled": "bool",
              "force_delete": "bool",
              "global_remote_state": "bool",
              "id": "string",
              "name": "string",
              "operations": "bool",
              "organization": "string",
              "project_id": "string",
              "queue_all_runs": "bool",
              "remote_state_consumer_ids": [
                "set",
                "string"
              ],
              "speculative_enabled": "bool",
              "ssh_key_id": "string",
              "structured_run_output_enabled": "bool",
              "tag_names": [
                "set",
                "string"
              ],
              "terraform_version": "string",
              "trigger_patterns": [
                "list",
                "string"
              ],
              "trigger_prefixes": [
                "list",
                "string"
              ],
              "vcs_repo": [
                "list",
                [
                  "object",
                  {
                    "branch": "string",
                    "identifier": "string",
                    "ingress_submodules": "bool",
                    "oauth_token_id": "string",
                    "tags_regex": "string"
                  }
                ]
              ],
              "working_directory": "string"
            }
          ],
          [
            "object",
            {
              "agent_pool_id": "string",
              "allow_destroy_plan": "bool",
              "assessments_enabled": "bool",
              "auto_apply": "bool",
              "description": "string",
              "execution_mode": "string",
              "file_triggers_enabled": "bool",
              "force_delete": "bool",
              "global_remote_state": "bool",
              "id": "string",
              "name": "string",
              "operations": "bool",
              "organization": "string",
              "project_id": "string",
              "queue_all_runs": "bool",
              "remote_state_consumer_ids": [
                "set",
                "string"
              ],
              "speculative_enabled": "bool",
              "ssh_key_id": "string",
              "structured_run_output_enabled": "bool",
              "tag_names": [
                "set",
                "string"
              ],
              "terraform_version": "string",
              "trigger_patterns": [
                "list",
                "string"
              ],
              "trigger_prefixes": [
                "list",
                "string"
              ],
              "vcs_repo": [
                "list",
                [
                  "object",
                  {
                    "branch": "string",
                    "identifier": "string",
                    "ingress_submodules": "bool",
                    "oauth_token_id": "string",
                    "tags_regex": "string"
                  }
                ]
              ],
              "working_directory": "string"
            }
          ]
        ]
      ]
    }
  },
  "resources": [
    {
      "mode": "data",
      "type": "tfe_organization",
      "name": "org",
      "provider": "provider[\"registry.terraform.io/hashicorp/tfe\"]",
      "instances": [
        {
          "schema_version": 0,
          "attributes": {
            "assessments_enforced": false,
            "collaborator_auth_policy": "password",
            "cost_estimation_enabled": true,
            "default_project_id": "prj-Z1sVwE7C4fNquNjw",
            "email": "andre.kurnia@packet-systems.com",
            "external_id": "org-MMaJmgyq6csUJFmY",
            "id": "org-MMaJmgyq6csUJFmY",
            "name": "packet-systems-indonesia",
            "owners_team_saml_role_id": "",
            "send_passing_statuses_for_untriggered_speculative_plans": false,
            "two_factor_conformant": false
          },
          "sensitive_attributes": []
        }
      ]
    },
    {
      "mode": "managed",
      "type": "random_pet",
      "name": "pet",
      "provider": "provider[\"registry.terraform.io/hashicorp/random\"]",
      "instances": [
        {
          "index_key": 0,
          "schema_version": 0,
          "attributes": {
            "id": "sadly-electric-skink",
            "keepers": null,
            "length": 3,
            "prefix": null,
            "separator": "-"
          },
          "sensitive_attributes": []
        },
        {
          "index_key": 1,
          "schema_version": 0,
          "attributes": {
            "id": "implicitly-enabled-goblin",
            "keepers": null,
            "length": 3,
            "prefix": null,
            "separator": "-"
          },
          "sensitive_attributes": []
        },
        {
          "index_key": 2,
          "schema_version": 0,
          "attributes": {
            "id": "extremely-adapted-bedbug",
            "keepers": null,
            "length": 3,
            "prefix": null,
            "separator": "-"
          },
          "sensitive_attributes": []
        }
      ]
    },
    {
      "mode": "managed",
      "type": "random_uuid",
      "name": "id",
      "provider": "provider[\"registry.terraform.io/hashicorp/random\"]",
      "instances": [
        {
          "index_key": 0,
          "schema_version": 0,
          "attributes": {
            "id": "cf6c87a0-9bf1-d2e1-2c82-bbb300efb90f",
            "keepers": null,
            "result": "cf6c87a0-9bf1-d2e1-2c82-bbb300efb90f"
          },
          "sensitive_attributes": []
        },
        {
          "index_key": 1,
          "schema_version": 0,
          "attributes": {
            "id": "14e4664c-882c-b53f-bebb-efbad07d8b82",
            "keepers": null,
            "result": "14e4664c-882c-b53f-bebb-efbad07d8b82"
          },
          "sensitive_attributes": []
        },
        {
          "index_key": 2,
          "schema_version": 0,
          "attributes": {
            "id": "8733fa7c-da98-7f0d-ef9d-1e85651a264d",
            "keepers": null,
            "result": "8733fa7c-da98-7f0d-ef9d-1e85651a264d"
          },
          "sensitive_attributes": []
        }
      ]
    },
    {
      "mode": "managed",
      "type": "tfe_project",
      "name": "hashicat",
      "provider": "provider[\"registry.terraform.io/hashicorp/tfe\"]",
      "instances": [
        {
          "schema_version": 0,
          "attributes": {
            "id": "prj-FNPSzSCeD3AebQxq",
            "name": "Vending_Macheen",
            "organization": "packet-systems-indonesia"
          },
          "sensitive_attributes": [],
          "private": "bnVsbA==",
          "dependencies": [
            "data.tfe_organization.org"
          ]
        }
      ]
    },
    {
      "mode": "managed",
      "type": "tfe_workspace",
      "name": "hashicat",
      "provider": "provider[\"registry.terraform.io/hashicorp/tfe\"]",
      "instances": [
        {
          "index_key": 0,
          "schema_version": 1,
          "attributes": {
            "agent_pool_id": "",
            "allow_destroy_plan": true,
            "assessments_enabled": false,
            "auto_apply": false,
            "description": "CloudOps Load Testing",
            "execution_mode": "remote",
            "file_triggers_enabled": true,
            "force_delete": false,
            "global_remote_state": false,
            "id": "ws-3wPf8V5ejcXUNnhE",
            "name": "sadly-electric-skink",
            "operations": true,
            "organization": "packet-systems-indonesia",
            "project_id": "prj-FNPSzSCeD3AebQxq",
            "queue_all_runs": true,
            "remote_state_consumer_ids": [],
            "speculative_enabled": true,
            "ssh_key_id": "",
            "structured_run_output_enabled": true,
            "tag_names": [
              "1695788322",
              "cloudops",
              "qa",
              "qa-2"
            ],
            "terraform_version": "1.5.7",
            "trigger_patterns": [],
            "trigger_prefixes": [],
            "vcs_repo": [],
            "working_directory": ""
          },
          "sensitive_attributes": [],
          "private": "eyJzY2hlbWFfdmVyc2lvbiI6IjEifQ==",
          "dependencies": [
            "data.tfe_organization.org",
            "random_pet.pet",
            "tfe_project.hashicat"
          ]
        },
        {
          "index_key": 1,
          "schema_version": 1,
          "attributes": {
            "agent_pool_id": "",
            "allow_destroy_plan": true,
            "assessments_enabled": false,
            "auto_apply": false,
            "description": "CloudOps Full Stack",
            "execution_mode": "remote",
            "file_triggers_enabled": true,
            "force_delete": false,
            "global_remote_state": false,
            "id": "ws-1oB2iDbX1n9421ha",
            "name": "implicitly-enabled-goblin",
            "operations": true,
            "organization": "packet-systems-indonesia",
            "project_id": "prj-FNPSzSCeD3AebQxq",
            "queue_all_runs": true,
            "remote_state_consumer_ids": [],
            "speculative_enabled": true,
            "ssh_key_id": "",
            "structured_run_output_enabled": true,
            "tag_names": [
              "1695788365"
            ],
            "terraform_version": "1.5.7",
            "trigger_patterns": [],
            "trigger_prefixes": [],
            "vcs_repo": [],
            "working_directory": ""
          },
          "sensitive_attributes": [],
          "private": "eyJzY2hlbWFfdmVyc2lvbiI6IjEifQ==",
          "dependencies": [
            "data.tfe_organization.org",
            "random_pet.pet",
            "tfe_project.hashicat"
          ]
        },
        {
          "index_key": 2,
          "schema_version": 1,
          "attributes": {
            "agent_pool_id": "",
            "allow_destroy_plan": true,
            "assessments_enabled": false,
            "auto_apply": false,
            "description": "Development Full Stack",
            "execution_mode": "remote",
            "file_triggers_enabled": true,
            "force_delete": false,
            "global_remote_state": false,
            "id": "ws-FTnKT9PVx4G6rw2Y",
            "name": "extremely-adapted-bedbug",
            "operations": true,
            "organization": "packet-systems-indonesia",
            "project_id": "prj-FNPSzSCeD3AebQxq",
            "queue_all_runs": true,
            "remote_state_consumer_ids": [],
            "speculative_enabled": true,
            "ssh_key_id": "",
            "structured_run_output_enabled": true,
            "tag_names": [
              "1695788391",
              "dev",
              "dev-3",
              "development"
            ],
            "terraform_version": "1.5.7",
            "trigger_patterns": [],
            "trigger_prefixes": [],
            "vcs_repo": [],
            "working_directory": ""
          },
          "sensitive_attributes": [],
          "private": "eyJzY2hlbWFfdmVyc2lvbiI6IjEifQ==",
          "dependencies": [
            "data.tfe_organization.org",
            "random_pet.pet",
            "tfe_project.hashicat"
          ]
        }
      ]
    }
  ],
  "check_results": null
}
